{
	"name": "@osmium/api-transport",
	"version": "0.4.0",
	"lockfileVersion": 1,
	"requires": true,
	"dependencies": {
		"@osmium/coder": {
			"version": "0.4.0",
			"resolved": "https://registry.npmjs.org/@osmium/coder/-/coder-0.4.0.tgz",
			"integrity": "sha512-1pKGLGn0qAq0RLz4PRRoV2Mcz/rJRgdv0EGAQKUsfgsH3s4qHmgRwhiGOdKibJ52KK5SyC2WNvq1r3h/ll038A==",
			"requires": {
				"@osmium/tools": "^0.4.0"
			}
		},
		"@osmium/events": {
			"version": "0.4.0",
			"resolved": "https://registry.npmjs.org/@osmium/events/-/events-0.4.0.tgz",
			"integrity": "sha512-3+DBYBAJpB6lK9xlItJ0YyPQpiXfhnZpxOQbkuXcguMhIAWCrlnl7b1TG/97lQNie4emMYl4bfioWZZskALljQ==",
			"requires": {
				"@osmium/tools": "~0.4.1"
			}
		},
		"@osmium/tools": {
			"version": "0.4.1",
			"resolved": "https://registry.npmjs.org/@osmium/tools/-/tools-0.4.1.tgz",
			"integrity": "sha512-s9NiT4CU86UP6X+ChB7Jc3TiynNDmro3QsVxy0gwaTH5N8MOK7yaEDykJXFQKtVA8GR5criCF9go5B5jren0zw==",
			"requires": {
				"merge-deep": "^3.0.3"
			}
		},
		"@types/component-emitter": {
			"version": "1.2.10",
			"resolved": "https://registry.npmjs.org/@types/component-emitter/-/component-emitter-1.2.10.tgz",
			"integrity": "sha512-bsjleuRKWmGqajMerkzox19aGbscQX5rmmvvXl3wlIp5gMG1HgkiwPxsN5p070fBDKTNSPgojVbuY1+HWMbFhg==",
			"dev": true
		},
		"@types/cookie": {
			"version": "0.4.1",
			"resolved": "https://registry.npmjs.org/@types/cookie/-/cookie-0.4.1.tgz",
			"integrity": "sha512-XW/Aa8APYr6jSVVA1y/DEIZX0/GMKLEVekNG727R8cs56ahETkRAy/3DR7+fJyh7oUgGwNQaRfXCun0+KbWY7Q==",
			"dev": true
		},
		"@types/cors": {
			"version": "2.8.12",
			"resolved": "https://registry.npmjs.org/@types/cors/-/cors-2.8.12.tgz",
			"integrity": "sha512-vt+kDhq/M2ayberEtJcIN/hxXy1Pk+59g2FV/ZQceeaTyCtCucjL2Q7FXlFjtWn4n15KCr1NE2lNNFhp0lEThw==",
			"dev": true
		},
		"@types/moment": {
			"version": "2.13.0",
			"resolved": "https://registry.npmjs.org/@types/moment/-/moment-2.13.0.tgz",
			"integrity": "sha1-YE69GJvDvDShVIaJQE5hoqSqyJY=",
			"dev": true,
			"requires": {
				"moment": "*"
			}
		},
		"@types/node": {
			"version": "16.3.1",
			"resolved": "https://registry.npmjs.org/@types/node/-/node-16.3.1.tgz",
			"integrity": "sha512-N87VuQi7HEeRJkhzovao/JviiqKjDKMVKxKMfUvSKw+MbkbW8R0nA3fi/MQhhlxV2fQ+2ReM+/Nt4efdrJx3zA==",
			"dev": true
		},
		"@types/socket.io": {
			"version": "3.0.2",
			"resolved": "https://registry.npmjs.org/@types/socket.io/-/socket.io-3.0.2.tgz",
			"integrity": "sha512-pu0sN9m5VjCxBZVK8hW37ZcMe8rjn4HHggBN5CbaRTvFwv5jOmuIRZEuddsBPa9Th0ts0SIo3Niukq+95cMBbQ==",
			"dev": true,
			"requires": {
				"socket.io": "*"
			}
		},
		"@types/socket.io-client": {
			"version": "3.0.0",
			"resolved": "https://registry.npmjs.org/@types/socket.io-client/-/socket.io-client-3.0.0.tgz",
			"integrity": "sha512-s+IPvFoEIjKA3RdJz/Z2dGR4gLgysKi8owcnrVwNjgvc01Lk68LJDDsG2GRqegFITcxmvCMYM7bhMpwEMlHmDg==",
			"dev": true,
			"requires": {
				"socket.io-client": "*"
			}
		},
		"accepts": {
			"version": "1.3.7",
			"resolved": "https://registry.npmjs.org/accepts/-/accepts-1.3.7.tgz",
			"integrity": "sha512-Il80Qs2WjYlJIBNzNkK6KYqlVMTbZLXgHx2oT0pU/fjRHyEp+PEfEPY0R3WCwAGVOtauxh1hOxNgIf5bv7dQpA==",
			"dev": true,
			"requires": {
				"mime-types": "~2.1.24",
				"negotiator": "0.6.2"
			}
		},
		"arr-union": {
			"version": "3.1.0",
			"resolved": "https://registry.npmjs.org/arr-union/-/arr-union-3.1.0.tgz",
			"integrity": "sha1-45sJrqne+Gao8gbiiK9jkZuuOcQ="
		},
		"backo2": {
			"version": "1.0.2",
			"resolved": "https://registry.npmjs.org/backo2/-/backo2-1.0.2.tgz",
			"integrity": "sha1-MasayLEpNjRj41s+u2n038+6eUc=",
			"dev": true
		},
		"base64-arraybuffer": {
			"version": "0.1.4",
			"resolved": "https://registry.npmjs.org/base64-arraybuffer/-/base64-arraybuffer-0.1.4.tgz",
			"integrity": "sha1-mBjHngWbE1X5fgQooBfIOOkLqBI=",
			"dev": true
		},
		"base64id": {
			"version": "2.0.0",
			"resolved": "https://registry.npmjs.org/base64id/-/base64id-2.0.0.tgz",
			"integrity": "sha512-lGe34o6EHj9y3Kts9R4ZYs/Gr+6N7MCaMlIFA3F1R2O5/m7K06AxfSeO5530PEERE6/WyEg3lsuyw4GHlPZHog==",
			"dev": true
		},
		"bignumber.js": {
			"version": "9.0.1",
			"resolved": "https://registry.npmjs.org/bignumber.js/-/bignumber.js-9.0.1.tgz",
			"integrity": "sha512-IdZR9mh6ahOBv/hYGiXyVuyCetmGJhtYkqLBpTStdhEGjegpPlUawydyaF3pbIOFynJTpllEs+NP+CS9jKFLjA=="
		},
		"clone-deep": {
			"version": "0.2.4",
			"resolved": "https://registry.npmjs.org/clone-deep/-/clone-deep-0.2.4.tgz",
			"integrity": "sha1-TnPdCen7lxzDhnDF3O2cGJZIHMY=",
			"requires": {
				"for-own": "^0.1.3",
				"is-plain-object": "^2.0.1",
				"kind-of": "^3.0.2",
				"lazy-cache": "^1.0.3",
				"shallow-clone": "^0.1.2"
			}
		},
		"component-emitter": {
			"version": "1.3.0",
			"resolved": "https://registry.npmjs.org/component-emitter/-/component-emitter-1.3.0.tgz",
			"integrity": "sha512-Rd3se6QB+sO1TwqZjscQrurpEPIfO0/yYnSin6Q/rD3mOutHvUrCAhJub3r90uNb+SESBuE0QYoB90YdfatsRg==",
			"dev": true
		},
		"cookie": {
			"version": "0.4.1",
			"resolved": "https://registry.npmjs.org/cookie/-/cookie-0.4.1.tgz",
			"integrity": "sha512-ZwrFkGJxUR3EIoXtO+yVE69Eb7KlixbaeAWfBQB9vVsNn/o+Yw69gBWSSDK825hQNdN+wF8zELf3dFNl/kxkUA==",
			"dev": true
		},
		"cors": {
			"version": "2.8.5",
			"resolved": "https://registry.npmjs.org/cors/-/cors-2.8.5.tgz",
			"integrity": "sha512-KIHbLJqu73RGr/hnbrO9uBeixNGuvSQjul/jdFvS/KFSIH1hWVd1ng7zOHx+YrEfInLG7q4n6GHQ9cDtxv/P6g==",
			"dev": true,
			"requires": {
				"object-assign": "^4",
				"vary": "^1"
			}
		},
		"debug": {
			"version": "4.3.2",
			"resolved": "https://registry.npmjs.org/debug/-/debug-4.3.2.tgz",
			"integrity": "sha512-mOp8wKcvj7XxC78zLgw/ZA+6TSgkoE2C/ienthhRD298T7UNwAg9diBpLRxC0mOezLl4B0xV7M0cCO6P/O0Xhw==",
			"dev": true,
			"requires": {
				"ms": "2.1.2"
			}
		},
		"engine.io": {
			"version": "5.1.1",
			"resolved": "https://registry.npmjs.org/engine.io/-/engine.io-5.1.1.tgz",
			"integrity": "sha512-aMWot7H5aC8L4/T8qMYbLdvKlZOdJTH54FxfdFunTGvhMx1BHkJOntWArsVfgAZVwAO9LC2sryPWRcEeUzCe5w==",
			"dev": true,
			"requires": {
				"accepts": "~1.3.4",
				"base64id": "2.0.0",
				"cookie": "~0.4.1",
				"cors": "~2.8.5",
				"debug": "~4.3.1",
				"engine.io-parser": "~4.0.0",
				"ws": "~7.4.2"
			}
		},
		"engine.io-client": {
			"version": "5.1.2",
			"resolved": "https://registry.npmjs.org/engine.io-client/-/engine.io-client-5.1.2.tgz",
			"integrity": "sha512-blRrgXIE0A/eurWXRzvfCLG7uUFJqfTGFsyJzXSK71srMMGJ2VraBLg8Mdw28uUxSpVicepBN9X7asqpD1mZcQ==",
			"dev": true,
			"requires": {
				"base64-arraybuffer": "0.1.4",
				"component-emitter": "~1.3.0",
				"debug": "~4.3.1",
				"engine.io-parser": "~4.0.1",
				"has-cors": "1.1.0",
				"parseqs": "0.0.6",
				"parseuri": "0.0.6",
				"ws": "~7.4.2",
				"yeast": "0.1.2"
			}
		},
		"engine.io-parser": {
			"version": "4.0.2",
			"resolved": "https://registry.npmjs.org/engine.io-parser/-/engine.io-parser-4.0.2.tgz",
			"integrity": "sha512-sHfEQv6nmtJrq6TKuIz5kyEKH/qSdK56H/A+7DnAuUPWosnIZAS2NHNcPLmyjtY3cGS/MqJdZbUjW97JU72iYg==",
			"dev": true,
			"requires": {
				"base64-arraybuffer": "0.1.4"
			}
		},
		"for-in": {
			"version": "1.0.2",
			"resolved": "https://registry.npmjs.org/for-in/-/for-in-1.0.2.tgz",
			"integrity": "sha1-gQaNKVqBQuwKxybG4iAMMPttXoA="
		},
		"for-own": {
			"version": "0.1.5",
			"resolved": "https://registry.npmjs.org/for-own/-/for-own-0.1.5.tgz",
			"integrity": "sha1-UmXGgaTylNq78XyVCbZ2OqhFEM4=",
			"requires": {
				"for-in": "^1.0.1"
			}
		},
		"has-cors": {
			"version": "1.1.0",
			"resolved": "https://registry.npmjs.org/has-cors/-/has-cors-1.1.0.tgz",
			"integrity": "sha1-XkdHk/fqmEPRu5nCPu9J/xJv/zk=",
			"dev": true
		},
		"is-buffer": {
			"version": "1.1.6",
			"resolved": "https://registry.npmjs.org/is-buffer/-/is-buffer-1.1.6.tgz",
			"integrity": "sha512-NcdALwpXkTm5Zvvbk7owOUSvVvBKDgKP5/ewfXEznmQFfs4ZRmanOeKBTjRVjka3QFoN6XJ+9F3USqfHqTaU5w=="
		},
		"is-extendable": {
			"version": "0.1.1",
			"resolved": "https://registry.npmjs.org/is-extendable/-/is-extendable-0.1.1.tgz",
			"integrity": "sha1-YrEQ4omkcUGOPsNqYX1HLjAd/Ik="
		},
		"is-plain-object": {
			"version": "2.0.4",
			"resolved": "https://registry.npmjs.org/is-plain-object/-/is-plain-object-2.0.4.tgz",
			"integrity": "sha512-h5PpgXkWitc38BBMYawTYMWJHFZJVnBquFE57xFpjB8pJFiF6gZ+bU+WyI/yqXiFR5mdLsgYNaPe8uao6Uv9Og==",
			"requires": {
				"isobject": "^3.0.1"
			}
		},
		"isobject": {
			"version": "3.0.1",
			"resolved": "https://registry.npmjs.org/isobject/-/isobject-3.0.1.tgz",
			"integrity": "sha1-TkMekrEalzFjaqH5yNHMvP2reN8="
		},
		"kind-of": {
			"version": "3.2.2",
			"resolved": "https://registry.npmjs.org/kind-of/-/kind-of-3.2.2.tgz",
			"integrity": "sha1-MeohpzS6ubuw8yRm2JOupR5KPGQ=",
			"requires": {
				"is-buffer": "^1.1.5"
			}
		},
		"lazy-cache": {
			"version": "1.0.4",
			"resolved": "https://registry.npmjs.org/lazy-cache/-/lazy-cache-1.0.4.tgz",
			"integrity": "sha1-odePw6UEdMuAhF07O24dpJpEbo4="
		},
		"merge-deep": {
			"version": "3.0.3",
			"resolved": "https://registry.npmjs.org/merge-deep/-/merge-deep-3.0.3.tgz",
			"integrity": "sha512-qtmzAS6t6grwEkNrunqTBdn0qKwFgNWvlxUbAV8es9M7Ot1EbyApytCnvE0jALPa46ZpKDUo527kKiaWplmlFA==",
			"requires": {
				"arr-union": "^3.1.0",
				"clone-deep": "^0.2.4",
				"kind-of": "^3.0.2"
			}
		},
		"meriyah": {
			"version": "4.1.5",
			"resolved": "https://registry.npmjs.org/meriyah/-/meriyah-4.1.5.tgz",
			"integrity": "sha512-ptw5umwiQILhfIGKO99NIY3Y2/jhEyEPIwSFwKLBQdXnN/6606rQoHyF4WK+2WiUmvFbBbTVMo4Q+po30xVjtg=="
		},
		"mime-db": {
			"version": "1.48.0",
			"resolved": "https://registry.npmjs.org/mime-db/-/mime-db-1.48.0.tgz",
			"integrity": "sha512-FM3QwxV+TnZYQ2aRqhlKBMHxk10lTbMt3bBkMAp54ddrNeVSfcQYOOKuGuy3Ddrm38I04If834fOUSq1yzslJQ==",
			"dev": true
		},
		"mime-types": {
			"version": "2.1.31",
			"resolved": "https://registry.npmjs.org/mime-types/-/mime-types-2.1.31.tgz",
			"integrity": "sha512-XGZnNzm3QvgKxa8dpzyhFTHmpP3l5YNusmne07VUOXxou9CqUqYa/HBy124RqtVh/O2pECas/MOcsDgpilPOPg==",
			"dev": true,
			"requires": {
				"mime-db": "1.48.0"
			}
		},
		"mixin-object": {
			"version": "2.0.1",
			"resolved": "https://registry.npmjs.org/mixin-object/-/mixin-object-2.0.1.tgz",
			"integrity": "sha1-T7lJRB2rGCVA8f4DW6YOGUel5X4=",
			"requires": {
				"for-in": "^0.1.3",
				"is-extendable": "^0.1.1"
			},
			"dependencies": {
				"for-in": {
					"version": "0.1.8",
					"resolved": "https://registry.npmjs.org/for-in/-/for-in-0.1.8.tgz",
					"integrity": "sha1-2Hc5COMSVhCZUrH9ubP6hn0ndeE="
				}
			}
		},
		"moment": {
			"version": "2.29.1",
			"resolved": "https://registry.npmjs.org/moment/-/moment-2.29.1.tgz",
			"integrity": "sha512-kHmoybcPV8Sqy59DwNDY3Jefr64lK/by/da0ViFcuA4DH0vQg5Q6Ze5VimxkfQNSC+Mls/Kx53s7TjP1RhFEDQ=="
		},
		"ms": {
			"version": "2.1.2",
			"resolved": "https://registry.npmjs.org/ms/-/ms-2.1.2.tgz",
			"integrity": "sha512-sGkPx+VjMtmA6MX27oA4FBFELFCZZ4S4XqeGOXCv68tT+jb3vk/RyaKWP0PTKyWtmLSM0b+adUTEvbs1PEaH2w==",
			"dev": true
		},
		"negotiator": {
			"version": "0.6.2",
			"resolved": "https://registry.npmjs.org/negotiator/-/negotiator-0.6.2.tgz",
			"integrity": "sha512-hZXc7K2e+PgeI1eDBe/10Ard4ekbfrrqG8Ep+8Jmf4JID2bNg7NvCPOZN+kfF574pFQI7mum2AUqDidoKqcTOw==",
			"dev": true
		},
		"object-assign": {
			"version": "4.1.1",
			"resolved": "https://registry.npmjs.org/object-assign/-/object-assign-4.1.1.tgz",
			"integrity": "sha1-IQmtx5ZYh8/AXLvUQsrIv7s2CGM=",
			"dev": true
		},
		"parseqs": {
			"version": "0.0.6",
			"resolved": "https://registry.npmjs.org/parseqs/-/parseqs-0.0.6.tgz",
			"integrity": "sha512-jeAGzMDbfSHHA091hr0r31eYfTig+29g3GKKE/PPbEQ65X0lmMwlEoqmhzu0iztID5uJpZsFlUPDP8ThPL7M8w==",
			"dev": true
		},
		"parseuri": {
			"version": "0.0.6",
			"resolved": "https://registry.npmjs.org/parseuri/-/parseuri-0.0.6.tgz",
			"integrity": "sha512-AUjen8sAkGgao7UyCX6Ahv0gIK2fABKmYjvP4xmy5JaKvcbTRueIqIPHLAfq30xJddqSE033IOMUSOMCcK3Sow==",
			"dev": true
		},
		"shallow-clone": {
			"version": "0.1.2",
			"resolved": "https://registry.npmjs.org/shallow-clone/-/shallow-clone-0.1.2.tgz",
			"integrity": "sha1-WQnodLp3EG1zrEFM/sH/yofZcGA=",
			"requires": {
				"is-extendable": "^0.1.1",
				"kind-of": "^2.0.1",
				"lazy-cache": "^0.2.3",
				"mixin-object": "^2.0.1"
			},
			"dependencies": {
				"kind-of": {
					"version": "2.0.1",
					"resolved": "https://registry.npmjs.org/kind-of/-/kind-of-2.0.1.tgz",
					"integrity": "sha1-AY7HpM5+OobLkUG+UZ0kyPqpgbU=",
					"requires": {
						"is-buffer": "^1.0.2"
					}
				},
				"lazy-cache": {
					"version": "0.2.7",
					"resolved": "https://registry.npmjs.org/lazy-cache/-/lazy-cache-0.2.7.tgz",
					"integrity": "sha1-f+3fLctu23fRHvHRF6tf/fCrG2U="
				}
			}
		},
		"socket.io": {
			"version": "4.1.3",
			"resolved": "https://registry.npmjs.org/socket.io/-/socket.io-4.1.3.tgz",
			"integrity": "sha512-tLkaY13RcO4nIRh1K2hT5iuotfTaIQw7cVIe0FUykN3SuQi0cm7ALxuyT5/CtDswOMWUzMGTibxYNx/gU7In+Q==",
			"dev": true,
			"requires": {
				"@types/cookie": "^0.4.0",
				"@types/cors": "^2.8.10",
				"@types/node": ">=10.0.0",
				"accepts": "~1.3.4",
				"base64id": "~2.0.0",
				"debug": "~4.3.1",
				"engine.io": "~5.1.1",
				"socket.io-adapter": "~2.3.1",
				"socket.io-parser": "~4.0.4"
			}
		},
		"socket.io-adapter": {
			"version": "2.3.1",
			"resolved": "https://registry.npmjs.org/socket.io-adapter/-/socket.io-adapter-2.3.1.tgz",
			"integrity": "sha512-8cVkRxI8Nt2wadkY6u60Y4rpW3ejA1rxgcK2JuyIhmF+RMNpTy1QRtkHIDUOf3B4HlQwakMsWbKftMv/71VMmw==",
			"dev": true
		},
		"socket.io-client": {
			"version": "4.1.3",
			"resolved": "https://registry.npmjs.org/socket.io-client/-/socket.io-client-4.1.3.tgz",
			"integrity": "sha512-hISFn6PDpgDifVUiNklLHVPTMv1LAk8poHArfIUdXa+gKgbr0MZbAlquDFqCqsF30yBqa+jg42wgos2FK50BHA==",
			"dev": true,
			"requires": {
				"@types/component-emitter": "^1.2.10",
				"backo2": "~1.0.2",
				"component-emitter": "~1.3.0",
				"debug": "~4.3.1",
				"engine.io-client": "~5.1.2",
				"parseuri": "0.0.6",
				"socket.io-parser": "~4.0.4"
			}
		},
		"socket.io-parser": {
			"version": "4.0.4",
			"resolved": "https://registry.npmjs.org/socket.io-parser/-/socket.io-parser-4.0.4.tgz",
			"integrity": "sha512-t+b0SS+IxG7Rxzda2EVvyBZbvFPBCjJoyHuE0P//7OAsN23GItzDRdWa6ALxZI/8R5ygK7jAR6t028/z+7295g==",
			"dev": true,
			"requires": {
				"@types/component-emitter": "^1.2.10",
				"component-emitter": "~1.3.0",
				"debug": "~4.3.1"
			}
		},
		"vary": {
			"version": "1.1.2",
			"resolved": "https://registry.npmjs.org/vary/-/vary-1.1.2.tgz",
			"integrity": "sha1-IpnwLG3tMNSllhsLn3RSShj2NPw=",
			"dev": true
		},
		"ws": {
			"version": "7.4.6",
			"resolved": "https://registry.npmjs.org/ws/-/ws-7.4.6.tgz",
			"integrity": "sha512-YmhHDO4MzaDLB+M9ym/mDA5z0naX8j7SIlT8f8z+I0VtzsRbekxEutHSme7NPS2qE8StCYQNUnfWdXta/Yu85A==",
			"dev": true
		},
		"yeast": {
			"version": "0.1.2",
			"resolved": "https://registry.npmjs.org/yeast/-/yeast-0.1.2.tgz",
			"integrity": "sha1-AI4G2AlDIMNy28L47XagymyKxBk=",
			"dev": true
		}
	}
}
